
Microsoft Visual Studio Solution File, Format Version 12.00
# Visual Studio Version 17
VisualStudioVersion = 17.14.37111.16 d17.14
MinimumVisualStudioVersion = 10.0.40219.1
Project("{FAE04EC0-301F-11D3-BF4B-00C04F79EFBC}") = "StudCrud", "StudCrud.csproj", "{0039BD16-4994-4FE2-A995-6E5DBC9817EF}"
EndProject
Global
	GlobalSection(SolutionConfigurationPlatforms) = preSolution
		Debug|Any CPU = Debug|Any CPU
		Release|Any CPU = Release|Any CPU
	EndGlobalSection
	GlobalSection(ProjectConfigurationPlatforms) = postSolution
		{0039BD16-4994-4FE2-A995-6E5DBC9817EF}.Debug|Any CPU.ActiveCfg = Debug|Any CPU
		{0039BD16-4994-4FE2-A995-6E5DBC9817EF}.Debug|Any CPU.Build.0 = Debug|Any CPU
		{0039BD16-4994-4FE2-A995-6E5DBC9817EF}.Release|Any CPU.ActiveCfg = Release|Any CPU
		{0039BD16-4994-4FE2-A995-6E5DBC9817EF}.Release|Any CPU.Build.0 = Release|Any CPU
	EndGlobalSection
	GlobalSection(SolutionProperties) = preSolution
		HideSolutionNode = FALSE
	EndGlobalSection
	GlobalSection(ExtensibilityGlobals) = postSolution
		SolutionGuid = {C7E8AE36-B573-4C07-A0B6-A0260B30E719}
	EndGlobalSection
EndGlobal
